// !$*UTF8*$!
{
	archiveVersion = 1;
	classes = {
	};
	objectVersion = 46;
	objects = {

/* Begin PBXBuildFile section */
		A13195BF1D644B07006F34B3 /* JSRuntime.h in CopyFiles */ = {isa = PBXBuildFile; fileRef = A13195BE1D644B07006F34B3 /* JSRuntime.h */; };
		A13195C11D644B07006F34B3 /* JSRuntime.m in Sources */ = {isa = PBXBuildFile; fileRef = A13195C01D644B07006F34B3 /* JSRuntime.m */; };
/* End PBXBuildFile section */

/* Begin PBXCopyFilesBuildPhase section */
		A13195B91D644B07006F34B3 /* CopyFiles */ = {
			isa = PBXCopyFilesBuildPhase;
			buildActionMask = 2147483647;
			dstPath = "include/$(PRODUCT_NAME)";
			dstSubfolderSpec = 16;
			files = (
				A13195BF1D644B07006F34B3 /* JSRuntime.h in CopyFiles */,
			);
			runOnlyForDeploymentPostprocessing = 0;
		};
/* End PBXCopyFilesBuildPhase section */

/* Begin PBXFileReference section */
		A13195BB1D644B07006F34B3 /* libJSRuntime.a */ = {isa = PBXFileReference; explicitFileType = archive.ar; includeInIndex = 0; path = libJSRuntime.a; sourceTree = BUILT_PRODUCTS_DIR; };
		A13195BE1D644B07006F34B3 /* JSRuntime.h */ = {isa = PBXFileReference; lastKnownFileType = sourcecode.c.h; path = JSRuntime.h; sourceTree = "<group>"; };
		A13195C01D644B07006F34B3 /* JSRuntime.m */ = {isa = PBXFileReference; lastKnownFileType = sourcecode.c.objc; path = JSRuntime.m; sourceTree = "<group>"; };
/* End PBXFileReference section */

/* Begin PBXFrameworksBuildPhase section */
		A13195B81D644B07006F34B3 /* Frameworks */ = {
			isa = PBXFrameworksBuildPhase;
			buildActionMask = 2147483647;
			files = (
			);
			runOnlyForDeploymentPostprocessing = 0;
		};
/* End PBXFrameworksBuildPhase section */

/* Begin PBXGroup section */
		A13195B21D644B07006F34B3 = {
			isa = PBXGroup;
			children = (
				A13195BD1D644B07006F34B3 /* JSRuntime */,
				A13195BC1D644B07006F34B3 /* Products */,
			);
			sourceTree = "<group>";
		};
		A13195BC1D644B07006F34B3 /* Products */ = {
			isa = PBXGroup;
			children = (
				A13195BB1D644B07006F34B3 /* libJSRuntime.a */,
			);
			name = Products;
			sourceTree = "<group>";
		};
		A13195BD1D644B07006F34B3 /* JSRuntime */ = {
			isa = PBXGroup;
			children = (
				A13195BE1D644B07006F34B3 /* JSRuntime.h */,
				A13195C01D644B07006F34B3 /* JSRuntime.m */,
			);
			path = JSRuntime;
			sourceTree = "<group>";
		};
/* End PBXGroup section */

/* Begin PBXNativeTarget section */
		A13195BA1D644B07006F34B3 /* JSRuntime */ = {
			isa = PBXNativeTarget;
			buildConfigurationList = A13195C41D644B07006F34B3 /* Build configuration list for PBXNativeTarget "JSRuntime" */;
			buildPhases = (
				A13195B71D644B07006F34B3 /* Sources */,
				A13195B81D644B07006F34B3 /* Frameworks */,
				A13195B91D644B07006F34B3 /* CopyFiles */,
			);
			buildRules = (
			);
			dependencies = (
			);
			name = JSRuntime;
			productName = JSRuntime;
			productReference = A13195BB1D644B07006F34B3 /* libJSRuntime.a */;
			productType = "com.apple.product-type.library.static";
		};
/* End PBXNativeTarget section */

/* Begin PBXProject section */
		A13195B31D644B07006F34B3 /* Project object */ = {
			isa = PBXProject;
			attributes = {
				LastUpgradeCheck = 0730;
				ORGANIZATIONNAME = "程巍巍";
				TargetAttributes = {
					A13195BA1D644B07006F34B3 = {
						CreatedOnToolsVersion = 7.3;
					};
				};
			};
			buildConfigurationList = A13195B61D644B07006F34B3 /* Build configuration list for PBXProject "JSRuntime" */;
			compatibilityVersion = "Xcode 3.2";
			developmentRegion = English;
			hasScannedForEncodings = 0;
			knownRegions = (
				en,
			);
			mainGroup = A13195B21D644B07006F34B3;
			productRefGroup = A13195BC1D644B07006F34B3 /* Products */;
			projectDirPath = "";
			projectRoot = "";
			targets = (
				A13195BA1D644B07006F34B3 /* JSRuntime */,
			);
		};
/* End PBXProject section */

/* Begin PBXSourcesBuildPhase section */
		A13195B71D644B07006F34B3 /* Sources */ = {
			isa = PBXSourcesBuildPhase;
			buildActionMask = 2147483647;
			files = (
				A13195C11D644B07006F34B3 /* JSRuntime.m in Sources */,
			);
			runOnlyForDeploymentPostprocessing = 0;
		};
/* End PBXSourcesBuildPhase section */

/* Begin XCBuildConfiguration section */
		A13195C21D644B07006F34B3 /* Debug */ = {
			isa = XCBuildConfiguration;
			buildSettings = {
				ALWAYS_SEARCH_USER_PATHS = NO;
				CLANG_ANALYZER_NONNULL = YES;
				CLANG_CXX_LANGUAGE_STANDARD = "gnu++0x";
				CLANG_CXX_LIBRARY = "libc++";
				CLANG_ENABLE_MODULES = YES;
				CLANG_ENABLE_OBJC_ARC = YES;
				CLANG_WARN_BOOL_CONVERSION = YES;
				CLANG_WARN_CONSTANT_CONVERSION = YES;
				CLANG_WARN_DIRECT_OBJC_ISA_USAGE = YES_ERROR;
				CLANG_WARN_EMPTY_BODY = YES;
				CLANG_WARN_ENUM_CONVERSION = YES;
				CLANG_WARN_INT_CONVERSION = YES;
				CLANG_WARN_OBJC_ROOT_CLASS = YES_ERROR;
				CLANG_WARN_UNREACHABLE_CODE = YES;
				CLANG_WARN__DUPLICATE_METHOD_MATCH = YES;
				"CODE_SIGN_IDENTITY[sdk=iphoneos*]" = "iPhone Developer";
				COPY_PHASE_STRIP = NO;
				DEBUG_INFORMATION_FORMAT = dwarf;
				ENABLE_STRICT_OBJC_MSGSEND = YES;
				ENABLE_TESTABILITY = YES;
				GCC_C_LANGUAGE_STANDARD = gnu99;
				GCC_DYNAMIC_NO_PIC = NO;
				GCC_NO_COMMON_BLOCKS = YES;
				GCC_OPTIMIZATION_LEVEL = 0;
				GCC_PREPROCESSOR_DEFINITIONS = (
					"DEBUG=1",
					"$(inherited)",
				);
				GCC_WARN_64_TO_32_BIT_CONVERSION = YES;
				GCC_WARN_ABOUT_RETURN_TYPE = YES_ERROR;
				GCC_WARN_UNDECLARED_SELECTOR = YES;
				GCC_WARN_UNINITIALIZED_AUTOS = YES_AGGRESSIVE;
				GCC_WARN_UNUSED_FUNCTION = YES;
				GCC_WARN_UNUSED_VARIABLE = YES;
				IPHONEOS_DEPLOYMENT_TARGET = 9.3;
				MTL_ENABLE_DEBUG_INFO = YES;
				ONLY_ACTIVE_ARCH = YES;
				SDKROOT = iphoneos;
			};
			name = Debug;
		};
		A13195C31D644B07006F34B3 /* Release */ = {
			isa = XCBuildConfiguration;
			buildSettings = {
				ALWAYS_SEARCH_USER_PATHS = NO;
				CLANG_ANALYZER_NONNULL = YES;
				CLANG_CXX_LANGUAGE_STANDARD = "gnu++0x";
				CLANG_CXX_LIBRARY = "libc++";
				CLANG_ENABLE_MODULES = YES;
				CLANG_ENABLE_OBJC_ARC = YES;
				CLANG_WARN_BOOL_CONVERSION = YES;
				CLANG_WARN_CONSTANT_CONVERSION = YES;
				CLANG_WARN_DIRECT_OBJC_ISA_USAGE = YES_ERROR;
				CLANG_WARN_EMPTY_BODY = YES;
				CLANG_WARN_ENUM_CONVERSION = YES;
				CLANG_WARN_INT_CONVERSION = YES;
				CLANG_WARN_OBJC_ROOT_CLASS = YES_ERROR;
				CLANG_WARN_UNREACHABLE_CODE = YES;
				CLANG_WARN__DUPLICATE_METHOD_MATCH = YES;
				"CODE_SIGN_IDENTITY[sdk=iphoneos*]" = "iPhone Developer";
				COPY_PHASE_STRIP = NO;
				DEBUG_INFORMATION_FORMAT = "dwarf-with-dsym";
				ENABLE_NS_ASSERTIONS = NO;
				ENABLE_STRICT_OBJC_MSGSEND = YES;
				GCC_C_LANGUAGE_STANDARD = gnu99;
				GCC_NO_COMMON_BLOCKS = YES;
				GCC_WARN_64_TO_32_BIT_CONVERSION = YES;
				GCC_WARN_ABOUT_RETURN_TYPE = YES_ERROR;
				GCC_WARN_UNDECLARED_SELECTOR = YES;
				GCC_WARN_UNINITIALIZED_AUTOS = YES_AGGRESSIVE;
				GCC_WARN_UNUSED_FUNCTION = YES;
				GCC_WARN_UNUSED_VARIABLE = YES;
				IPHONEOS_DEPLOYMENT_TARGET = 9.3;
				MTL_ENABLE_DEBUG_INFO = NO;
				SDKROOT = iphoneos;
				VALIDATE_PRODUCT = YES;
			};
			name = Release;
		};
		A13195C51D644B07006F34B3 /* Debug */ = {
			isa = XCBuildConfiguration;
			buildSettings = {
				OTHER_LDFLAGS = "-ObjC";
				PRODUCT_NAME = "$(TARGET_NAME)";
				SKIP_INSTALL = YES;
			};
			name = Debug;
		};
		A13195C61D644B07006F34B3 /* Release */ = {
			isa = XCBuildConfiguration;
			buildSettings = {
				OTHER_LDFLAGS = "-ObjC";
				PRODUCT_NAME = "$(TARGET_NAME)";
				SKIP_INSTALL = YES;
			};
			name = Release;
		};
/* End XCBuildConfiguration section */

/* Begin XCConfigurationList section */
		A13195B61D644B07006F34B3 /* Build configuration list for PBXProject "JSRuntime" */ = {
			isa = XCConfigurationList;
			buildConfigurations = (
				A13195C21D644B07006F34B3 /* Debug */,
				A13195C31D644B07006F34B3 /* Release */,
			);
			defaultConfigurationIsVisible = 0;
			defaultConfigurationName = Release;
		};
		A13195C41D644B07006F34B3 /* Build configuration list for PBXNativeTarget "JSRuntime" */ = {
			isa = XCConfigurationList;
			buildConfigurations = (
				A13195C51D644B07006F34B3 /* Debug */,
				A13195C61D644B07006F34B3 /* Release */,
			);
			defaultConfigurationIsVisible = 0;
		};
/* End XCConfigurationList section */
	};
	rootObject = A13195B31D644B07006F34B3 /* Project object */;
}
